{"1.2.0",
[{<<"egd">>,
  {git,"https://github.com/erlang/egd.git",
       {ref,"1cea959544de7dd40a3284ba571a58939de57616"}},
  0},
 {<<"elli">>,{pkg,<<"elli">>,<<"3.3.0">>},0},
 {<<"svg">>,{pkg,<<"erlang_svg">>,<<"0.2.0">>},0}]}.
[
{pkg_hash,[
 {<<"elli">>, <<"089218762A7FF3D20AE81C8E911BD0F73EE4EE0ED85454226D1FC6B4FFF3B4F6">>},
 {<<"svg">>, <<"C4AA391DBA9888CBA0174B140B0169C21CD68622FC256DCFEC6A295D8A0B24AF">>}]},
{pkg_hash_ext,[
 {<<"elli">>, <<"698B13B33D05661DB9FE7EFCBA41B84825A379CCE86E486CF6AFF9285BE0CCF8">>},
 {<<"svg">>, <<"EE8A7A5D3E7A93AC1DD68AB9EA6B0F26F83436F1C975DD1EEB589920E2FA780A">>}]}
].
